
Microsoft Visual Studio Solution File, Format Version 12.00
# Visual Studio Version 17
VisualStudioVersion = 17.5.33627.172
MinimumVisualStudioVersion = 10.0.40219.1
Project("{8BC9CEB8-8B4A-11D0-8D11-00A0C91BC942}") = "ALL_BUILD", "ALL_BUILD.vcxproj", "{D859F9A2-1A3F-38AE-84E5-C3FE8BA6D771}"
	ProjectSection(ProjectDependencies) = postProject
		{5C1F20B7-B298-361B-B346-A60925743B78} = {5C1F20B7-B298-361B-B346-A60925743B78}
		{A342C327-5EBB-3FCF-B8DD-2482E833B607} = {A342C327-5EBB-3FCF-B8DD-2482E833B607}
		{2F24BF6A-2BD5-39FA-9AD5-9173FC02AFBA} = {2F24BF6A-2BD5-39FA-9AD5-9173FC02AFBA}
		{A1C69237-0841-3FC7-9348-9FD737178568} = {A1C69237-0841-3FC7-9348-9FD737178568}
		{84BC7032-1E2A-3CCB-B254-4470E96D596B} = {84BC7032-1E2A-3CCB-B254-4470E96D596B}
		{C7745634-8446-397D-9EDB-614D1D786716} = {C7745634-8446-397D-9EDB-614D1D786716}
		{7EF2E193-0154-3418-9508-FAB63BB7DEDA} = {7EF2E193-0154-3418-9508-FAB63BB7DEDA}
		{A12587AE-17EF-3F66-B75D-0446FB63C7EB} = {A12587AE-17EF-3F66-B75D-0446FB63C7EB}
		{2AA3ED83-8853-39AD-80AA-34E97C6C343A} = {2AA3ED83-8853-39AD-80AA-34E97C6C343A}
		{2B031256-6043-31DC-916F-E049756A1CE2} = {2B031256-6043-31DC-916F-E049756A1CE2}
		{70C30230-F53A-39A1-9CE9-844CD55F374E} = {70C30230-F53A-39A1-9CE9-844CD55F374E}
		{748EE25A-4C95-3F5C-8CF0-7B31E509EE27} = {748EE25A-4C95-3F5C-8CF0-7B31E509EE27}
		{E47C6141-A3B2-3229-8344-BA5E435FE6BE} = {E47C6141-A3B2-3229-8344-BA5E435FE6BE}
		{EC0E7DC7-9CB0-3A38-B48A-CEFC6F94E6D5} = {EC0E7DC7-9CB0-3A38-B48A-CEFC6F94E6D5}
		{0BABD6E1-A29A-30B5-A6CA-F3613918212A} = {0BABD6E1-A29A-30B5-A6CA-F3613918212A}
		{B325B06A-994C-3F17-9EC3-E4906D3A9A87} = {B325B06A-994C-3F17-9EC3-E4906D3A9A87}
	EndProjectSection
EndProject
Project("{8BC9CEB8-8B4A-11D0-8D11-00A0C91BC942}") = "CodexEngine", "Codex\CodexEngine.vcxproj", "{5C1F20B7-B298-361B-B346-A60925743B78}"
	ProjectSection(ProjectDependencies) = postProject
		{A1C69237-0841-3FC7-9348-9FD737178568} = {A1C69237-0841-3FC7-9348-9FD737178568}
		{84BC7032-1E2A-3CCB-B254-4470E96D596B} = {84BC7032-1E2A-3CCB-B254-4470E96D596B}
		{7EF2E193-0154-3418-9508-FAB63BB7DEDA} = {7EF2E193-0154-3418-9508-FAB63BB7DEDA}
		{2AA3ED83-8853-39AD-80AA-34E97C6C343A} = {2AA3ED83-8853-39AD-80AA-34E97C6C343A}
		{70C30230-F53A-39A1-9CE9-844CD55F374E} = {70C30230-F53A-39A1-9CE9-844CD55F374E}
		{748EE25A-4C95-3F5C-8CF0-7B31E509EE27} = {748EE25A-4C95-3F5C-8CF0-7B31E509EE27}
		{E47C6141-A3B2-3229-8344-BA5E435FE6BE} = {E47C6141-A3B2-3229-8344-BA5E435FE6BE}
	EndProjectSection
EndProject
Project("{8BC9CEB8-8B4A-11D0-8D11-00A0C91BC942}") = "CodexEngine-static", "Codex\CodexEngine-static.vcxproj", "{A342C327-5EBB-3FCF-B8DD-2482E833B607}"
	ProjectSection(ProjectDependencies) = postProject
		{A1C69237-0841-3FC7-9348-9FD737178568} = {A1C69237-0841-3FC7-9348-9FD737178568}
		{84BC7032-1E2A-3CCB-B254-4470E96D596B} = {84BC7032-1E2A-3CCB-B254-4470E96D596B}
		{7EF2E193-0154-3418-9508-FAB63BB7DEDA} = {7EF2E193-0154-3418-9508-FAB63BB7DEDA}
		{2AA3ED83-8853-39AD-80AA-34E97C6C343A} = {2AA3ED83-8853-39AD-80AA-34E97C6C343A}
		{70C30230-F53A-39A1-9CE9-844CD55F374E} = {70C30230-F53A-39A1-9CE9-844CD55F374E}
		{748EE25A-4C95-3F5C-8CF0-7B31E509EE27} = {748EE25A-4C95-3F5C-8CF0-7B31E509EE27}
		{E47C6141-A3B2-3229-8344-BA5E435FE6BE} = {E47C6141-A3B2-3229-8344-BA5E435FE6BE}
	EndProjectSection
EndProject
Project("{8BC9CEB8-8B4A-11D0-8D11-00A0C91BC942}") = "CodexNative", "CodexAPI\CodexNative.vcxproj", "{2F24BF6A-2BD5-39FA-9AD5-9173FC02AFBA}"
	ProjectSection(ProjectDependencies) = postProject
		{5C1F20B7-B298-361B-B346-A60925743B78} = {5C1F20B7-B298-361B-B346-A60925743B78}
		{A1C69237-0841-3FC7-9348-9FD737178568} = {A1C69237-0841-3FC7-9348-9FD737178568}
		{84BC7032-1E2A-3CCB-B254-4470E96D596B} = {84BC7032-1E2A-3CCB-B254-4470E96D596B}
		{7EF2E193-0154-3418-9508-FAB63BB7DEDA} = {7EF2E193-0154-3418-9508-FAB63BB7DEDA}
		{2AA3ED83-8853-39AD-80AA-34E97C6C343A} = {2AA3ED83-8853-39AD-80AA-34E97C6C343A}
		{70C30230-F53A-39A1-9CE9-844CD55F374E} = {70C30230-F53A-39A1-9CE9-844CD55F374E}
		{748EE25A-4C95-3F5C-8CF0-7B31E509EE27} = {748EE25A-4C95-3F5C-8CF0-7B31E509EE27}
		{E47C6141-A3B2-3229-8344-BA5E435FE6BE} = {E47C6141-A3B2-3229-8344-BA5E435FE6BE}
	EndProjectSection
EndProject
Project("{8BC9CEB8-8B4A-11D0-8D11-00A0C91BC942}") = "Continuous", "yaml-cpp\Continuous.vcxproj", "{D4B7A8C0-FC14-3861-9A79-BC0F146656F7}"
	ProjectSection(ProjectDependencies) = postProject
		{70C30230-F53A-39A1-9CE9-844CD55F374E} = {70C30230-F53A-39A1-9CE9-844CD55F374E}
	EndProjectSection
EndProject
Project("{8BC9CEB8-8B4A-11D0-8D11-00A0C91BC942}") = "Experimental", "yaml-cpp\Experimental.vcxproj", "{3E993216-39BA-358A-9259-3754AC66E444}"
	ProjectSection(ProjectDependencies) = postProject
		{70C30230-F53A-39A1-9CE9-844CD55F374E} = {70C30230-F53A-39A1-9CE9-844CD55F374E}
	EndProjectSection
EndProject
Project("{8BC9CEB8-8B4A-11D0-8D11-00A0C91BC942}") = "INSTALL", "INSTALL.vcxproj", "{47EA06D0-A3DC-39A1-9D75-A1F775737E16}"
	ProjectSection(ProjectDependencies) = postProject
		{D859F9A2-1A3F-38AE-84E5-C3FE8BA6D771} = {D859F9A2-1A3F-38AE-84E5-C3FE8BA6D771}
		{70C30230-F53A-39A1-9CE9-844CD55F374E} = {70C30230-F53A-39A1-9CE9-844CD55F374E}
	EndProjectSection
EndProject
Project("{8BC9CEB8-8B4A-11D0-8D11-00A0C91BC942}") = "MGL", "MGL\MGL.vcxproj", "{A1C69237-0841-3FC7-9348-9FD737178568}"
	ProjectSection(ProjectDependencies) = postProject
		{7EF2E193-0154-3418-9508-FAB63BB7DEDA} = {7EF2E193-0154-3418-9508-FAB63BB7DEDA}
		{2AA3ED83-8853-39AD-80AA-34E97C6C343A} = {2AA3ED83-8853-39AD-80AA-34E97C6C343A}
		{70C30230-F53A-39A1-9CE9-844CD55F374E} = {70C30230-F53A-39A1-9CE9-844CD55F374E}
	EndProjectSection
EndProject
Project("{8BC9CEB8-8B4A-11D0-8D11-00A0C91BC942}") = "NetNT", "NetNT\NetNT.vcxproj", "{84BC7032-1E2A-3CCB-B254-4470E96D596B}"
	ProjectSection(ProjectDependencies) = postProject
		{70C30230-F53A-39A1-9CE9-844CD55F374E} = {70C30230-F53A-39A1-9CE9-844CD55F374E}
	EndProjectSection
EndProject
Project("{8BC9CEB8-8B4A-11D0-8D11-00A0C91BC942}") = "Nightly", "yaml-cpp\Nightly.vcxproj", "{B5F99CA9-36A4-3AFA-88C5-4F51A6EC102F}"
	ProjectSection(ProjectDependencies) = postProject
		{70C30230-F53A-39A1-9CE9-844CD55F374E} = {70C30230-F53A-39A1-9CE9-844CD55F374E}
	EndProjectSection
EndProject
Project("{8BC9CEB8-8B4A-11D0-8D11-00A0C91BC942}") = "NightlyMemoryCheck", "yaml-cpp\NightlyMemoryCheck.vcxproj", "{DF03D107-D8D0-37D8-A418-7AE6296A10D9}"
	ProjectSection(ProjectDependencies) = postProject
		{70C30230-F53A-39A1-9CE9-844CD55F374E} = {70C30230-F53A-39A1-9CE9-844CD55F374E}
	EndProjectSection
EndProject
Project("{8BC9CEB8-8B4A-11D0-8D11-00A0C91BC942}") = "SDL2", "SDL\SDL2.vcxproj", "{C7745634-8446-397D-9EDB-614D1D786716}"
	ProjectSection(ProjectDependencies) = postProject
		{70C30230-F53A-39A1-9CE9-844CD55F374E} = {70C30230-F53A-39A1-9CE9-844CD55F374E}
		{21E59DA2-507B-3941-8143-A311202073F5} = {21E59DA2-507B-3941-8143-A311202073F5}
	EndProjectSection
EndProject
Project("{8BC9CEB8-8B4A-11D0-8D11-00A0C91BC942}") = "SDL2-static", "SDL\SDL2-static.vcxproj", "{7EF2E193-0154-3418-9508-FAB63BB7DEDA}"
	ProjectSection(ProjectDependencies) = postProject
		{70C30230-F53A-39A1-9CE9-844CD55F374E} = {70C30230-F53A-39A1-9CE9-844CD55F374E}
		{21E59DA2-507B-3941-8143-A311202073F5} = {21E59DA2-507B-3941-8143-A311202073F5}
	EndProjectSection
EndProject
Project("{8BC9CEB8-8B4A-11D0-8D11-00A0C91BC942}") = "SDL2_test", "SDL\SDL2_test.vcxproj", "{A12587AE-17EF-3F66-B75D-0446FB63C7EB}"
	ProjectSection(ProjectDependencies) = postProject
		{70C30230-F53A-39A1-9CE9-844CD55F374E} = {70C30230-F53A-39A1-9CE9-844CD55F374E}
		{21E59DA2-507B-3941-8143-A311202073F5} = {21E59DA2-507B-3941-8143-A311202073F5}
	EndProjectSection
EndProject
Project("{8BC9CEB8-8B4A-11D0-8D11-00A0C91BC942}") = "SDL2main", "SDL\SDL2main.vcxproj", "{2AA3ED83-8853-39AD-80AA-34E97C6C343A}"
	ProjectSection(ProjectDependencies) = postProject
		{70C30230-F53A-39A1-9CE9-844CD55F374E} = {70C30230-F53A-39A1-9CE9-844CD55F374E}
		{21E59DA2-507B-3941-8143-A311202073F5} = {21E59DA2-507B-3941-8143-A311202073F5}
	EndProjectSection
EndProject
Project("{8BC9CEB8-8B4A-11D0-8D11-00A0C91BC942}") = "TestGame", "TestGame\TestGame.vcxproj", "{2B031256-6043-31DC-916F-E049756A1CE2}"
	ProjectSection(ProjectDependencies) = postProject
		{A342C327-5EBB-3FCF-B8DD-2482E833B607} = {A342C327-5EBB-3FCF-B8DD-2482E833B607}
		{A1C69237-0841-3FC7-9348-9FD737178568} = {A1C69237-0841-3FC7-9348-9FD737178568}
		{84BC7032-1E2A-3CCB-B254-4470E96D596B} = {84BC7032-1E2A-3CCB-B254-4470E96D596B}
		{7EF2E193-0154-3418-9508-FAB63BB7DEDA} = {7EF2E193-0154-3418-9508-FAB63BB7DEDA}
		{2AA3ED83-8853-39AD-80AA-34E97C6C343A} = {2AA3ED83-8853-39AD-80AA-34E97C6C343A}
		{70C30230-F53A-39A1-9CE9-844CD55F374E} = {70C30230-F53A-39A1-9CE9-844CD55F374E}
		{748EE25A-4C95-3F5C-8CF0-7B31E509EE27} = {748EE25A-4C95-3F5C-8CF0-7B31E509EE27}
		{E47C6141-A3B2-3229-8344-BA5E435FE6BE} = {E47C6141-A3B2-3229-8344-BA5E435FE6BE}
	EndProjectSection
EndProject
Project("{8BC9CEB8-8B4A-11D0-8D11-00A0C91BC942}") = "ZERO_CHECK", "ZERO_CHECK.vcxproj", "{70C30230-F53A-39A1-9CE9-844CD55F374E}"
EndProject
Project("{8BC9CEB8-8B4A-11D0-8D11-00A0C91BC942}") = "fmt", "fmt\fmt.vcxproj", "{748EE25A-4C95-3F5C-8CF0-7B31E509EE27}"
	ProjectSection(ProjectDependencies) = postProject
		{70C30230-F53A-39A1-9CE9-844CD55F374E} = {70C30230-F53A-39A1-9CE9-844CD55F374E}
	EndProjectSection
EndProject
Project("{8BC9CEB8-8B4A-11D0-8D11-00A0C91BC942}") = "sdl_headers_copy", "SDL\sdl_headers_copy.vcxproj", "{21E59DA2-507B-3941-8143-A311202073F5}"
	ProjectSection(ProjectDependencies) = postProject
		{70C30230-F53A-39A1-9CE9-844CD55F374E} = {70C30230-F53A-39A1-9CE9-844CD55F374E}
	EndProjectSection
EndProject
Project("{8BC9CEB8-8B4A-11D0-8D11-00A0C91BC942}") = "uninstall", "SDL\uninstall.vcxproj", "{608AA634-1378-3C54-8445-19285CFFC88E}"
	ProjectSection(ProjectDependencies) = postProject
		{70C30230-F53A-39A1-9CE9-844CD55F374E} = {70C30230-F53A-39A1-9CE9-844CD55F374E}
	EndProjectSection
EndProject
Project("{8BC9CEB8-8B4A-11D0-8D11-00A0C91BC942}") = "yaml-cpp static", "yaml-cpp\yaml-cpp.vcxproj", "{E47C6141-A3B2-3229-8344-BA5E435FE6BE}"
	ProjectSection(ProjectDependencies) = postProject
		{70C30230-F53A-39A1-9CE9-844CD55F374E} = {70C30230-F53A-39A1-9CE9-844CD55F374E}
	EndProjectSection
EndProject
Project("{8BC9CEB8-8B4A-11D0-8D11-00A0C91BC942}") = "yaml-cpp-parse", "yaml-cpp\util\yaml-cpp-parse.vcxproj", "{EC0E7DC7-9CB0-3A38-B48A-CEFC6F94E6D5}"
	ProjectSection(ProjectDependencies) = postProject
		{70C30230-F53A-39A1-9CE9-844CD55F374E} = {70C30230-F53A-39A1-9CE9-844CD55F374E}
		{E47C6141-A3B2-3229-8344-BA5E435FE6BE} = {E47C6141-A3B2-3229-8344-BA5E435FE6BE}
	EndProjectSection
EndProject
Project("{8BC9CEB8-8B4A-11D0-8D11-00A0C91BC942}") = "yaml-cpp-read", "yaml-cpp\util\yaml-cpp-read.vcxproj", "{0BABD6E1-A29A-30B5-A6CA-F3613918212A}"
	ProjectSection(ProjectDependencies) = postProject
		{70C30230-F53A-39A1-9CE9-844CD55F374E} = {70C30230-F53A-39A1-9CE9-844CD55F374E}
		{E47C6141-A3B2-3229-8344-BA5E435FE6BE} = {E47C6141-A3B2-3229-8344-BA5E435FE6BE}
	EndProjectSection
EndProject
Project("{8BC9CEB8-8B4A-11D0-8D11-00A0C91BC942}") = "yaml-cpp-sandbox", "yaml-cpp\util\yaml-cpp-sandbox.vcxproj", "{B325B06A-994C-3F17-9EC3-E4906D3A9A87}"
	ProjectSection(ProjectDependencies) = postProject
		{70C30230-F53A-39A1-9CE9-844CD55F374E} = {70C30230-F53A-39A1-9CE9-844CD55F374E}
		{E47C6141-A3B2-3229-8344-BA5E435FE6BE} = {E47C6141-A3B2-3229-8344-BA5E435FE6BE}
	EndProjectSection
EndProject
Project("{9A19103F-16F7-4668-BE54-9A1E7A4F7556}") = "CodexDotNet", "..\..\CodexAPI\CSharpAPI\CodexDotNet.csproj", "{F47B2F00-0FCE-409C-A6D4-5BC58A0053C0}"
EndProject
Project("{9A19103F-16F7-4668-BE54-9A1E7A4F7556}") = "CodexEditor", "..\..\CodexEditor\CodexEditor.csproj", "{FCBBBCF2-3C0E-47C3-B067-D66636A64949}"
EndProject
Global
	GlobalSection(SolutionConfigurationPlatforms) = preSolution
		Debug|Any CPU = Debug|Any CPU
		Debug|x64 = Debug|x64
		MinSizeRel|Any CPU = MinSizeRel|Any CPU
		MinSizeRel|x64 = MinSizeRel|x64
		Release|Any CPU = Release|Any CPU
		Release|x64 = Release|x64
		RelWithDebInfo|Any CPU = RelWithDebInfo|Any CPU
		RelWithDebInfo|x64 = RelWithDebInfo|x64
	EndGlobalSection
	GlobalSection(ProjectConfigurationPlatforms) = postSolution
		{D859F9A2-1A3F-38AE-84E5-C3FE8BA6D771}.Debug|Any CPU.ActiveCfg = Debug|x64
		{D859F9A2-1A3F-38AE-84E5-C3FE8BA6D771}.Debug|Any CPU.Build.0 = Debug|x64
		{D859F9A2-1A3F-38AE-84E5-C3FE8BA6D771}.Debug|x64.ActiveCfg = Debug|x64
		{D859F9A2-1A3F-38AE-84E5-C3FE8BA6D771}.Debug|x64.Build.0 = Debug|x64
		{D859F9A2-1A3F-38AE-84E5-C3FE8BA6D771}.MinSizeRel|Any CPU.ActiveCfg = MinSizeRel|x64
		{D859F9A2-1A3F-38AE-84E5-C3FE8BA6D771}.MinSizeRel|Any CPU.Build.0 = MinSizeRel|x64
		{D859F9A2-1A3F-38AE-84E5-C3FE8BA6D771}.MinSizeRel|x64.ActiveCfg = MinSizeRel|x64
		{D859F9A2-1A3F-38AE-84E5-C3FE8BA6D771}.MinSizeRel|x64.Build.0 = MinSizeRel|x64
		{D859F9A2-1A3F-38AE-84E5-C3FE8BA6D771}.Release|Any CPU.ActiveCfg = Release|x64
		{D859F9A2-1A3F-38AE-84E5-C3FE8BA6D771}.Release|Any CPU.Build.0 = Release|x64
		{D859F9A2-1A3F-38AE-84E5-C3FE8BA6D771}.Release|x64.ActiveCfg = Release|x64
		{D859F9A2-1A3F-38AE-84E5-C3FE8BA6D771}.Release|x64.Build.0 = Release|x64
		{D859F9A2-1A3F-38AE-84E5-C3FE8BA6D771}.RelWithDebInfo|Any CPU.ActiveCfg = RelWithDebInfo|x64
		{D859F9A2-1A3F-38AE-84E5-C3FE8BA6D771}.RelWithDebInfo|Any CPU.Build.0 = RelWithDebInfo|x64
		{D859F9A2-1A3F-38AE-84E5-C3FE8BA6D771}.RelWithDebInfo|x64.ActiveCfg = RelWithDebInfo|x64
		{D859F9A2-1A3F-38AE-84E5-C3FE8BA6D771}.RelWithDebInfo|x64.Build.0 = RelWithDebInfo|x64
		{5C1F20B7-B298-361B-B346-A60925743B78}.Debug|Any CPU.ActiveCfg = Debug|x64
		{5C1F20B7-B298-361B-B346-A60925743B78}.Debug|Any CPU.Build.0 = Debug|x64
		{5C1F20B7-B298-361B-B346-A60925743B78}.Debug|x64.ActiveCfg = Debug|x64
		{5C1F20B7-B298-361B-B346-A60925743B78}.Debug|x64.Build.0 = Debug|x64
		{5C1F20B7-B298-361B-B346-A60925743B78}.MinSizeRel|Any CPU.ActiveCfg = MinSizeRel|x64
		{5C1F20B7-B298-361B-B346-A60925743B78}.MinSizeRel|Any CPU.Build.0 = MinSizeRel|x64
		{5C1F20B7-B298-361B-B346-A60925743B78}.MinSizeRel|x64.ActiveCfg = MinSizeRel|x64
		{5C1F20B7-B298-361B-B346-A60925743B78}.MinSizeRel|x64.Build.0 = MinSizeRel|x64
		{5C1F20B7-B298-361B-B346-A60925743B78}.Release|Any CPU.ActiveCfg = Release|x64
		{5C1F20B7-B298-361B-B346-A60925743B78}.Release|Any CPU.Build.0 = Release|x64
		{5C1F20B7-B298-361B-B346-A60925743B78}.Release|x64.ActiveCfg = Release|x64
		{5C1F20B7-B298-361B-B346-A60925743B78}.Release|x64.Build.0 = Release|x64
		{5C1F20B7-B298-361B-B346-A60925743B78}.RelWithDebInfo|Any CPU.ActiveCfg = RelWithDebInfo|x64
		{5C1F20B7-B298-361B-B346-A60925743B78}.RelWithDebInfo|Any CPU.Build.0 = RelWithDebInfo|x64
		{5C1F20B7-B298-361B-B346-A60925743B78}.RelWithDebInfo|x64.ActiveCfg = RelWithDebInfo|x64
		{5C1F20B7-B298-361B-B346-A60925743B78}.RelWithDebInfo|x64.Build.0 = RelWithDebInfo|x64
		{A342C327-5EBB-3FCF-B8DD-2482E833B607}.Debug|Any CPU.ActiveCfg = Debug|x64
		{A342C327-5EBB-3FCF-B8DD-2482E833B607}.Debug|Any CPU.Build.0 = Debug|x64
		{A342C327-5EBB-3FCF-B8DD-2482E833B607}.Debug|x64.ActiveCfg = Debug|x64
		{A342C327-5EBB-3FCF-B8DD-2482E833B607}.Debug|x64.Build.0 = Debug|x64
		{A342C327-5EBB-3FCF-B8DD-2482E833B607}.MinSizeRel|Any CPU.ActiveCfg = MinSizeRel|x64
		{A342C327-5EBB-3FCF-B8DD-2482E833B607}.MinSizeRel|Any CPU.Build.0 = MinSizeRel|x64
		{A342C327-5EBB-3FCF-B8DD-2482E833B607}.MinSizeRel|x64.ActiveCfg = MinSizeRel|x64
		{A342C327-5EBB-3FCF-B8DD-2482E833B607}.MinSizeRel|x64.Build.0 = MinSizeRel|x64
		{A342C327-5EBB-3FCF-B8DD-2482E833B607}.Release|Any CPU.ActiveCfg = Release|x64
		{A342C327-5EBB-3FCF-B8DD-2482E833B607}.Release|Any CPU.Build.0 = Release|x64
		{A342C327-5EBB-3FCF-B8DD-2482E833B607}.Release|x64.ActiveCfg = Release|x64
		{A342C327-5EBB-3FCF-B8DD-2482E833B607}.Release|x64.Build.0 = Release|x64
		{A342C327-5EBB-3FCF-B8DD-2482E833B607}.RelWithDebInfo|Any CPU.ActiveCfg = RelWithDebInfo|x64
		{A342C327-5EBB-3FCF-B8DD-2482E833B607}.RelWithDebInfo|Any CPU.Build.0 = RelWithDebInfo|x64
		{A342C327-5EBB-3FCF-B8DD-2482E833B607}.RelWithDebInfo|x64.ActiveCfg = RelWithDebInfo|x64
		{A342C327-5EBB-3FCF-B8DD-2482E833B607}.RelWithDebInfo|x64.Build.0 = RelWithDebInfo|x64
		{2F24BF6A-2BD5-39FA-9AD5-9173FC02AFBA}.Debug|Any CPU.ActiveCfg = Debug|x64
		{2F24BF6A-2BD5-39FA-9AD5-9173FC02AFBA}.Debug|Any CPU.Build.0 = Debug|x64
		{2F24BF6A-2BD5-39FA-9AD5-9173FC02AFBA}.Debug|x64.ActiveCfg = Debug|x64
		{2F24BF6A-2BD5-39FA-9AD5-9173FC02AFBA}.Debug|x64.Build.0 = Debug|x64
		{2F24BF6A-2BD5-39FA-9AD5-9173FC02AFBA}.MinSizeRel|Any CPU.ActiveCfg = MinSizeRel|x64
		{2F24BF6A-2BD5-39FA-9AD5-9173FC02AFBA}.MinSizeRel|Any CPU.Build.0 = MinSizeRel|x64
		{2F24BF6A-2BD5-39FA-9AD5-9173FC02AFBA}.MinSizeRel|x64.ActiveCfg = MinSizeRel|x64
		{2F24BF6A-2BD5-39FA-9AD5-9173FC02AFBA}.MinSizeRel|x64.Build.0 = MinSizeRel|x64
		{2F24BF6A-2BD5-39FA-9AD5-9173FC02AFBA}.Release|Any CPU.ActiveCfg = Release|x64
		{2F24BF6A-2BD5-39FA-9AD5-9173FC02AFBA}.Release|Any CPU.Build.0 = Release|x64
		{2F24BF6A-2BD5-39FA-9AD5-9173FC02AFBA}.Release|x64.ActiveCfg = Release|x64
		{2F24BF6A-2BD5-39FA-9AD5-9173FC02AFBA}.Release|x64.Build.0 = Release|x64
		{2F24BF6A-2BD5-39FA-9AD5-9173FC02AFBA}.RelWithDebInfo|Any CPU.ActiveCfg = RelWithDebInfo|x64
		{2F24BF6A-2BD5-39FA-9AD5-9173FC02AFBA}.RelWithDebInfo|Any CPU.Build.0 = RelWithDebInfo|x64
		{2F24BF6A-2BD5-39FA-9AD5-9173FC02AFBA}.RelWithDebInfo|x64.ActiveCfg = RelWithDebInfo|x64
		{2F24BF6A-2BD5-39FA-9AD5-9173FC02AFBA}.RelWithDebInfo|x64.Build.0 = RelWithDebInfo|x64
		{D4B7A8C0-FC14-3861-9A79-BC0F146656F7}.Debug|Any CPU.ActiveCfg = Debug|x64
		{D4B7A8C0-FC14-3861-9A79-BC0F146656F7}.Debug|Any CPU.Build.0 = Debug|x64
		{D4B7A8C0-FC14-3861-9A79-BC0F146656F7}.Debug|x64.ActiveCfg = Debug|x64
		{D4B7A8C0-FC14-3861-9A79-BC0F146656F7}.MinSizeRel|Any CPU.ActiveCfg = MinSizeRel|x64
		{D4B7A8C0-FC14-3861-9A79-BC0F146656F7}.MinSizeRel|Any CPU.Build.0 = MinSizeRel|x64
		{D4B7A8C0-FC14-3861-9A79-BC0F146656F7}.MinSizeRel|x64.ActiveCfg = MinSizeRel|x64
		{D4B7A8C0-FC14-3861-9A79-BC0F146656F7}.Release|Any CPU.ActiveCfg = Release|x64
		{D4B7A8C0-FC14-3861-9A79-BC0F146656F7}.Release|Any CPU.Build.0 = Release|x64
		{D4B7A8C0-FC14-3861-9A79-BC0F146656F7}.Release|x64.ActiveCfg = Release|x64
		{D4B7A8C0-FC14-3861-9A79-BC0F146656F7}.RelWithDebInfo|Any CPU.ActiveCfg = RelWithDebInfo|x64
		{D4B7A8C0-FC14-3861-9A79-BC0F146656F7}.RelWithDebInfo|Any CPU.Build.0 = RelWithDebInfo|x64
		{D4B7A8C0-FC14-3861-9A79-BC0F146656F7}.RelWithDebInfo|x64.ActiveCfg = RelWithDebInfo|x64
		{3E993216-39BA-358A-9259-3754AC66E444}.Debug|Any CPU.ActiveCfg = Debug|x64
		{3E993216-39BA-358A-9259-3754AC66E444}.Debug|Any CPU.Build.0 = Debug|x64
		{3E993216-39BA-358A-9259-3754AC66E444}.Debug|x64.ActiveCfg = Debug|x64
		{3E993216-39BA-358A-9259-3754AC66E444}.MinSizeRel|Any CPU.ActiveCfg = MinSizeRel|x64
		{3E993216-39BA-358A-9259-3754AC66E444}.MinSizeRel|Any CPU.Build.0 = MinSizeRel|x64
		{3E993216-39BA-358A-9259-3754AC66E444}.MinSizeRel|x64.ActiveCfg = MinSizeRel|x64
		{3E993216-39BA-358A-9259-3754AC66E444}.Release|Any CPU.ActiveCfg = Release|x64
		{3E993216-39BA-358A-9259-3754AC66E444}.Release|Any CPU.Build.0 = Release|x64
		{3E993216-39BA-358A-9259-3754AC66E444}.Release|x64.ActiveCfg = Release|x64
		{3E993216-39BA-358A-9259-3754AC66E444}.RelWithDebInfo|Any CPU.ActiveCfg = RelWithDebInfo|x64
		{3E993216-39BA-358A-9259-3754AC66E444}.RelWithDebInfo|Any CPU.Build.0 = RelWithDebInfo|x64
		{3E993216-39BA-358A-9259-3754AC66E444}.RelWithDebInfo|x64.ActiveCfg = RelWithDebInfo|x64
		{47EA06D0-A3DC-39A1-9D75-A1F775737E16}.Debug|Any CPU.ActiveCfg = Debug|x64
		{47EA06D0-A3DC-39A1-9D75-A1F775737E16}.Debug|Any CPU.Build.0 = Debug|x64
		{47EA06D0-A3DC-39A1-9D75-A1F775737E16}.Debug|x64.ActiveCfg = Debug|x64
		{47EA06D0-A3DC-39A1-9D75-A1F775737E16}.MinSizeRel|Any CPU.ActiveCfg = MinSizeRel|x64
		{47EA06D0-A3DC-39A1-9D75-A1F775737E16}.MinSizeRel|Any CPU.Build.0 = MinSizeRel|x64
		{47EA06D0-A3DC-39A1-9D75-A1F775737E16}.MinSizeRel|x64.ActiveCfg = MinSizeRel|x64
		{47EA06D0-A3DC-39A1-9D75-A1F775737E16}.Release|Any CPU.ActiveCfg = Release|x64
		{47EA06D0-A3DC-39A1-9D75-A1F775737E16}.Release|Any CPU.Build.0 = Release|x64
		{47EA06D0-A3DC-39A1-9D75-A1F775737E16}.Release|x64.ActiveCfg = Release|x64
		{47EA06D0-A3DC-39A1-9D75-A1F775737E16}.RelWithDebInfo|Any CPU.ActiveCfg = RelWithDebInfo|x64
		{47EA06D0-A3DC-39A1-9D75-A1F775737E16}.RelWithDebInfo|Any CPU.Build.0 = RelWithDebInfo|x64
		{47EA06D0-A3DC-39A1-9D75-A1F775737E16}.RelWithDebInfo|x64.ActiveCfg = RelWithDebInfo|x64
		{A1C69237-0841-3FC7-9348-9FD737178568}.Debug|Any CPU.ActiveCfg = Debug|x64
		{A1C69237-0841-3FC7-9348-9FD737178568}.Debug|Any CPU.Build.0 = Debug|x64
		{A1C69237-0841-3FC7-9348-9FD737178568}.Debug|x64.ActiveCfg = Debug|x64
		{A1C69237-0841-3FC7-9348-9FD737178568}.Debug|x64.Build.0 = Debug|x64
		{A1C69237-0841-3FC7-9348-9FD737178568}.MinSizeRel|Any CPU.ActiveCfg = MinSizeRel|x64
		{A1C69237-0841-3FC7-9348-9FD737178568}.MinSizeRel|Any CPU.Build.0 = MinSizeRel|x64
		{A1C69237-0841-3FC7-9348-9FD737178568}.MinSizeRel|x64.ActiveCfg = MinSizeRel|x64
		{A1C69237-0841-3FC7-9348-9FD737178568}.MinSizeRel|x64.Build.0 = MinSizeRel|x64
		{A1C69237-0841-3FC7-9348-9FD737178568}.Release|Any CPU.ActiveCfg = Release|x64
		{A1C69237-0841-3FC7-9348-9FD737178568}.Release|Any CPU.Build.0 = Release|x64
		{A1C69237-0841-3FC7-9348-9FD737178568}.Release|x64.ActiveCfg = Release|x64
		{A1C69237-0841-3FC7-9348-9FD737178568}.Release|x64.Build.0 = Release|x64
		{A1C69237-0841-3FC7-9348-9FD737178568}.RelWithDebInfo|Any CPU.ActiveCfg = RelWithDebInfo|x64
		{A1C69237-0841-3FC7-9348-9FD737178568}.RelWithDebInfo|Any CPU.Build.0 = RelWithDebInfo|x64
		{A1C69237-0841-3FC7-9348-9FD737178568}.RelWithDebInfo|x64.ActiveCfg = RelWithDebInfo|x64
		{A1C69237-0841-3FC7-9348-9FD737178568}.RelWithDebInfo|x64.Build.0 = RelWithDebInfo|x64
		{84BC7032-1E2A-3CCB-B254-4470E96D596B}.Debug|Any CPU.ActiveCfg = Debug|x64
		{84BC7032-1E2A-3CCB-B254-4470E96D596B}.Debug|Any CPU.Build.0 = Debug|x64
		{84BC7032-1E2A-3CCB-B254-4470E96D596B}.Debug|x64.ActiveCfg = Debug|x64
		{84BC7032-1E2A-3CCB-B254-4470E96D596B}.Debug|x64.Build.0 = Debug|x64
		{84BC7032-1E2A-3CCB-B254-4470E96D596B}.MinSizeRel|Any CPU.ActiveCfg = MinSizeRel|x64
		{84BC7032-1E2A-3CCB-B254-4470E96D596B}.MinSizeRel|Any CPU.Build.0 = MinSizeRel|x64
		{84BC7032-1E2A-3CCB-B254-4470E96D596B}.MinSizeRel|x64.ActiveCfg = MinSizeRel|x64
		{84BC7032-1E2A-3CCB-B254-4470E96D596B}.MinSizeRel|x64.Build.0 = MinSizeRel|x64
		{84BC7032-1E2A-3CCB-B254-4470E96D596B}.Release|Any CPU.ActiveCfg = Release|x64
		{84BC7032-1E2A-3CCB-B254-4470E96D596B}.Release|Any CPU.Build.0 = Release|x64
		{84BC7032-1E2A-3CCB-B254-4470E96D596B}.Release|x64.ActiveCfg = Release|x64
		{84BC7032-1E2A-3CCB-B254-4470E96D596B}.Release|x64.Build.0 = Release|x64
		{84BC7032-1E2A-3CCB-B254-4470E96D596B}.RelWithDebInfo|Any CPU.ActiveCfg = RelWithDebInfo|x64
		{84BC7032-1E2A-3CCB-B254-4470E96D596B}.RelWithDebInfo|Any CPU.Build.0 = RelWithDebInfo|x64
		{84BC7032-1E2A-3CCB-B254-4470E96D596B}.RelWithDebInfo|x64.ActiveCfg = RelWithDebInfo|x64
		{84BC7032-1E2A-3CCB-B254-4470E96D596B}.RelWithDebInfo|x64.Build.0 = RelWithDebInfo|x64
		{B5F99CA9-36A4-3AFA-88C5-4F51A6EC102F}.Debug|Any CPU.ActiveCfg = Debug|x64
		{B5F99CA9-36A4-3AFA-88C5-4F51A6EC102F}.Debug|Any CPU.Build.0 = Debug|x64
		{B5F99CA9-36A4-3AFA-88C5-4F51A6EC102F}.Debug|x64.ActiveCfg = Debug|x64
		{B5F99CA9-36A4-3AFA-88C5-4F51A6EC102F}.MinSizeRel|Any CPU.ActiveCfg = MinSizeRel|x64
		{B5F99CA9-36A4-3AFA-88C5-4F51A6EC102F}.MinSizeRel|Any CPU.Build.0 = MinSizeRel|x64
		{B5F99CA9-36A4-3AFA-88C5-4F51A6EC102F}.MinSizeRel|x64.ActiveCfg = MinSizeRel|x64
		{B5F99CA9-36A4-3AFA-88C5-4F51A6EC102F}.Release|Any CPU.ActiveCfg = Release|x64
		{B5F99CA9-36A4-3AFA-88C5-4F51A6EC102F}.Release|Any CPU.Build.0 = Release|x64
		{B5F99CA9-36A4-3AFA-88C5-4F51A6EC102F}.Release|x64.ActiveCfg = Release|x64
		{B5F99CA9-36A4-3AFA-88C5-4F51A6EC102F}.RelWithDebInfo|Any CPU.ActiveCfg = RelWithDebInfo|x64
		{B5F99CA9-36A4-3AFA-88C5-4F51A6EC102F}.RelWithDebInfo|Any CPU.Build.0 = RelWithDebInfo|x64
		{B5F99CA9-36A4-3AFA-88C5-4F51A6EC102F}.RelWithDebInfo|x64.ActiveCfg = RelWithDebInfo|x64
		{DF03D107-D8D0-37D8-A418-7AE6296A10D9}.Debug|Any CPU.ActiveCfg = Debug|x64
		{DF03D107-D8D0-37D8-A418-7AE6296A10D9}.Debug|Any CPU.Build.0 = Debug|x64
		{DF03D107-D8D0-37D8-A418-7AE6296A10D9}.Debug|x64.ActiveCfg = Debug|x64
		{DF03D107-D8D0-37D8-A418-7AE6296A10D9}.MinSizeRel|Any CPU.ActiveCfg = MinSizeRel|x64
		{DF03D107-D8D0-37D8-A418-7AE6296A10D9}.MinSizeRel|Any CPU.Build.0 = MinSizeRel|x64
		{DF03D107-D8D0-37D8-A418-7AE6296A10D9}.MinSizeRel|x64.ActiveCfg = MinSizeRel|x64
		{DF03D107-D8D0-37D8-A418-7AE6296A10D9}.Release|Any CPU.ActiveCfg = Release|x64
		{DF03D107-D8D0-37D8-A418-7AE6296A10D9}.Release|Any CPU.Build.0 = Release|x64
		{DF03D107-D8D0-37D8-A418-7AE6296A10D9}.Release|x64.ActiveCfg = Release|x64
		{DF03D107-D8D0-37D8-A418-7AE6296A10D9}.RelWithDebInfo|Any CPU.ActiveCfg = RelWithDebInfo|x64
		{DF03D107-D8D0-37D8-A418-7AE6296A10D9}.RelWithDebInfo|Any CPU.Build.0 = RelWithDebInfo|x64
		{DF03D107-D8D0-37D8-A418-7AE6296A10D9}.RelWithDebInfo|x64.ActiveCfg = RelWithDebInfo|x64
		{C7745634-8446-397D-9EDB-614D1D786716}.Debug|Any CPU.ActiveCfg = Debug|x64
		{C7745634-8446-397D-9EDB-614D1D786716}.Debug|Any CPU.Build.0 = Debug|x64
		{C7745634-8446-397D-9EDB-614D1D786716}.Debug|x64.ActiveCfg = Debug|x64
		{C7745634-8446-397D-9EDB-614D1D786716}.Debug|x64.Build.0 = Debug|x64
		{C7745634-8446-397D-9EDB-614D1D786716}.MinSizeRel|Any CPU.ActiveCfg = MinSizeRel|x64
		{C7745634-8446-397D-9EDB-614D1D786716}.MinSizeRel|Any CPU.Build.0 = MinSizeRel|x64
		{C7745634-8446-397D-9EDB-614D1D786716}.MinSizeRel|x64.ActiveCfg = MinSizeRel|x64
		{C7745634-8446-397D-9EDB-614D1D786716}.MinSizeRel|x64.Build.0 = MinSizeRel|x64
		{C7745634-8446-397D-9EDB-614D1D786716}.Release|Any CPU.ActiveCfg = Release|x64
		{C7745634-8446-397D-9EDB-614D1D786716}.Release|Any CPU.Build.0 = Release|x64
		{C7745634-8446-397D-9EDB-614D1D786716}.Release|x64.ActiveCfg = Release|x64
		{C7745634-8446-397D-9EDB-614D1D786716}.Release|x64.Build.0 = Release|x64
		{C7745634-8446-397D-9EDB-614D1D786716}.RelWithDebInfo|Any CPU.ActiveCfg = RelWithDebInfo|x64
		{C7745634-8446-397D-9EDB-614D1D786716}.RelWithDebInfo|Any CPU.Build.0 = RelWithDebInfo|x64
		{C7745634-8446-397D-9EDB-614D1D786716}.RelWithDebInfo|x64.ActiveCfg = RelWithDebInfo|x64
		{C7745634-8446-397D-9EDB-614D1D786716}.RelWithDebInfo|x64.Build.0 = RelWithDebInfo|x64
		{7EF2E193-0154-3418-9508-FAB63BB7DEDA}.Debug|Any CPU.ActiveCfg = Debug|x64
		{7EF2E193-0154-3418-9508-FAB63BB7DEDA}.Debug|Any CPU.Build.0 = Debug|x64
		{7EF2E193-0154-3418-9508-FAB63BB7DEDA}.Debug|x64.ActiveCfg = Debug|x64
		{7EF2E193-0154-3418-9508-FAB63BB7DEDA}.Debug|x64.Build.0 = Debug|x64
		{7EF2E193-0154-3418-9508-FAB63BB7DEDA}.MinSizeRel|Any CPU.ActiveCfg = MinSizeRel|x64
		{7EF2E193-0154-3418-9508-FAB63BB7DEDA}.MinSizeRel|Any CPU.Build.0 = MinSizeRel|x64
		{7EF2E193-0154-3418-9508-FAB63BB7DEDA}.MinSizeRel|x64.ActiveCfg = MinSizeRel|x64
		{7EF2E193-0154-3418-9508-FAB63BB7DEDA}.MinSizeRel|x64.Build.0 = MinSizeRel|x64
		{7EF2E193-0154-3418-9508-FAB63BB7DEDA}.Release|Any CPU.ActiveCfg = Release|x64
		{7EF2E193-0154-3418-9508-FAB63BB7DEDA}.Release|Any CPU.Build.0 = Release|x64
		{7EF2E193-0154-3418-9508-FAB63BB7DEDA}.Release|x64.ActiveCfg = Release|x64
		{7EF2E193-0154-3418-9508-FAB63BB7DEDA}.Release|x64.Build.0 = Release|x64
		{7EF2E193-0154-3418-9508-FAB63BB7DEDA}.RelWithDebInfo|Any CPU.ActiveCfg = RelWithDebInfo|x64
		{7EF2E193-0154-3418-9508-FAB63BB7DEDA}.RelWithDebInfo|Any CPU.Build.0 = RelWithDebInfo|x64
		{7EF2E193-0154-3418-9508-FAB63BB7DEDA}.RelWithDebInfo|x64.ActiveCfg = RelWithDebInfo|x64
		{7EF2E193-0154-3418-9508-FAB63BB7DEDA}.RelWithDebInfo|x64.Build.0 = RelWithDebInfo|x64
		{A12587AE-17EF-3F66-B75D-0446FB63C7EB}.Debug|Any CPU.ActiveCfg = Debug|x64
		{A12587AE-17EF-3F66-B75D-0446FB63C7EB}.Debug|Any CPU.Build.0 = Debug|x64
		{A12587AE-17EF-3F66-B75D-0446FB63C7EB}.Debug|x64.ActiveCfg = Debug|x64
		{A12587AE-17EF-3F66-B75D-0446FB63C7EB}.Debug|x64.Build.0 = Debug|x64
		{A12587AE-17EF-3F66-B75D-0446FB63C7EB}.MinSizeRel|Any CPU.ActiveCfg = MinSizeRel|x64
		{A12587AE-17EF-3F66-B75D-0446FB63C7EB}.MinSizeRel|Any CPU.Build.0 = MinSizeRel|x64
		{A12587AE-17EF-3F66-B75D-0446FB63C7EB}.MinSizeRel|x64.ActiveCfg = MinSizeRel|x64
		{A12587AE-17EF-3F66-B75D-0446FB63C7EB}.MinSizeRel|x64.Build.0 = MinSizeRel|x64
		{A12587AE-17EF-3F66-B75D-0446FB63C7EB}.Release|Any CPU.ActiveCfg = Release|x64
		{A12587AE-17EF-3F66-B75D-0446FB63C7EB}.Release|Any CPU.Build.0 = Release|x64
		{A12587AE-17EF-3F66-B75D-0446FB63C7EB}.Release|x64.ActiveCfg = Release|x64
		{A12587AE-17EF-3F66-B75D-0446FB63C7EB}.Release|x64.Build.0 = Release|x64
		{A12587AE-17EF-3F66-B75D-0446FB63C7EB}.RelWithDebInfo|Any CPU.ActiveCfg = RelWithDebInfo|x64
		{A12587AE-17EF-3F66-B75D-0446FB63C7EB}.RelWithDebInfo|Any CPU.Build.0 = RelWithDebInfo|x64
		{A12587AE-17EF-3F66-B75D-0446FB63C7EB}.RelWithDebInfo|x64.ActiveCfg = RelWithDebInfo|x64
		{A12587AE-17EF-3F66-B75D-0446FB63C7EB}.RelWithDebInfo|x64.Build.0 = RelWithDebInfo|x64
		{2AA3ED83-8853-39AD-80AA-34E97C6C343A}.Debug|Any CPU.ActiveCfg = Debug|x64
		{2AA3ED83-8853-39AD-80AA-34E97C6C343A}.Debug|Any CPU.Build.0 = Debug|x64
		{2AA3ED83-8853-39AD-80AA-34E97C6C343A}.Debug|x64.ActiveCfg = Debug|x64
		{2AA3ED83-8853-39AD-80AA-34E97C6C343A}.Debug|x64.Build.0 = Debug|x64
		{2AA3ED83-8853-39AD-80AA-34E97C6C343A}.MinSizeRel|Any CPU.ActiveCfg = MinSizeRel|x64
		{2AA3ED83-8853-39AD-80AA-34E97C6C343A}.MinSizeRel|Any CPU.Build.0 = MinSizeRel|x64
		{2AA3ED83-8853-39AD-80AA-34E97C6C343A}.MinSizeRel|x64.ActiveCfg = MinSizeRel|x64
		{2AA3ED83-8853-39AD-80AA-34E97C6C343A}.MinSizeRel|x64.Build.0 = MinSizeRel|x64
		{2AA3ED83-8853-39AD-80AA-34E97C6C343A}.Release|Any CPU.ActiveCfg = Release|x64
		{2AA3ED83-8853-39AD-80AA-34E97C6C343A}.Release|Any CPU.Build.0 = Release|x64
		{2AA3ED83-8853-39AD-80AA-34E97C6C343A}.Release|x64.ActiveCfg = Release|x64
		{2AA3ED83-8853-39AD-80AA-34E97C6C343A}.Release|x64.Build.0 = Release|x64
		{2AA3ED83-8853-39AD-80AA-34E97C6C343A}.RelWithDebInfo|Any CPU.ActiveCfg = RelWithDebInfo|x64
		{2AA3ED83-8853-39AD-80AA-34E97C6C343A}.RelWithDebInfo|Any CPU.Build.0 = RelWithDebInfo|x64
		{2AA3ED83-8853-39AD-80AA-34E97C6C343A}.RelWithDebInfo|x64.ActiveCfg = RelWithDebInfo|x64
		{2AA3ED83-8853-39AD-80AA-34E97C6C343A}.RelWithDebInfo|x64.Build.0 = RelWithDebInfo|x64
		{2B031256-6043-31DC-916F-E049756A1CE2}.Debug|Any CPU.ActiveCfg = Debug|x64
		{2B031256-6043-31DC-916F-E049756A1CE2}.Debug|Any CPU.Build.0 = Debug|x64
		{2B031256-6043-31DC-916F-E049756A1CE2}.Debug|x64.ActiveCfg = Debug|x64
		{2B031256-6043-31DC-916F-E049756A1CE2}.Debug|x64.Build.0 = Debug|x64
		{2B031256-6043-31DC-916F-E049756A1CE2}.MinSizeRel|Any CPU.ActiveCfg = MinSizeRel|x64
		{2B031256-6043-31DC-916F-E049756A1CE2}.MinSizeRel|Any CPU.Build.0 = MinSizeRel|x64
		{2B031256-6043-31DC-916F-E049756A1CE2}.MinSizeRel|x64.ActiveCfg = MinSizeRel|x64
		{2B031256-6043-31DC-916F-E049756A1CE2}.MinSizeRel|x64.Build.0 = MinSizeRel|x64
		{2B031256-6043-31DC-916F-E049756A1CE2}.Release|Any CPU.ActiveCfg = Release|x64
		{2B031256-6043-31DC-916F-E049756A1CE2}.Release|Any CPU.Build.0 = Release|x64
		{2B031256-6043-31DC-916F-E049756A1CE2}.Release|x64.ActiveCfg = Release|x64
		{2B031256-6043-31DC-916F-E049756A1CE2}.Release|x64.Build.0 = Release|x64
		{2B031256-6043-31DC-916F-E049756A1CE2}.RelWithDebInfo|Any CPU.ActiveCfg = RelWithDebInfo|x64
		{2B031256-6043-31DC-916F-E049756A1CE2}.RelWithDebInfo|Any CPU.Build.0 = RelWithDebInfo|x64
		{2B031256-6043-31DC-916F-E049756A1CE2}.RelWithDebInfo|x64.ActiveCfg = RelWithDebInfo|x64
		{2B031256-6043-31DC-916F-E049756A1CE2}.RelWithDebInfo|x64.Build.0 = RelWithDebInfo|x64
		{70C30230-F53A-39A1-9CE9-844CD55F374E}.Debug|Any CPU.ActiveCfg = Debug|x64
		{70C30230-F53A-39A1-9CE9-844CD55F374E}.Debug|Any CPU.Build.0 = Debug|x64
		{70C30230-F53A-39A1-9CE9-844CD55F374E}.Debug|x64.ActiveCfg = Debug|x64
		{70C30230-F53A-39A1-9CE9-844CD55F374E}.Debug|x64.Build.0 = Debug|x64
		{70C30230-F53A-39A1-9CE9-844CD55F374E}.MinSizeRel|Any CPU.ActiveCfg = MinSizeRel|x64
		{70C30230-F53A-39A1-9CE9-844CD55F374E}.MinSizeRel|Any CPU.Build.0 = MinSizeRel|x64
		{70C30230-F53A-39A1-9CE9-844CD55F374E}.MinSizeRel|x64.ActiveCfg = MinSizeRel|x64
		{70C30230-F53A-39A1-9CE9-844CD55F374E}.MinSizeRel|x64.Build.0 = MinSizeRel|x64
		{70C30230-F53A-39A1-9CE9-844CD55F374E}.Release|Any CPU.ActiveCfg = Release|x64
		{70C30230-F53A-39A1-9CE9-844CD55F374E}.Release|Any CPU.Build.0 = Release|x64
		{70C30230-F53A-39A1-9CE9-844CD55F374E}.Release|x64.ActiveCfg = Release|x64
		{70C30230-F53A-39A1-9CE9-844CD55F374E}.Release|x64.Build.0 = Release|x64
		{70C30230-F53A-39A1-9CE9-844CD55F374E}.RelWithDebInfo|Any CPU.ActiveCfg = RelWithDebInfo|x64
		{70C30230-F53A-39A1-9CE9-844CD55F374E}.RelWithDebInfo|Any CPU.Build.0 = RelWithDebInfo|x64
		{70C30230-F53A-39A1-9CE9-844CD55F374E}.RelWithDebInfo|x64.ActiveCfg = RelWithDebInfo|x64
		{70C30230-F53A-39A1-9CE9-844CD55F374E}.RelWithDebInfo|x64.Build.0 = RelWithDebInfo|x64
		{748EE25A-4C95-3F5C-8CF0-7B31E509EE27}.Debug|Any CPU.ActiveCfg = Debug|x64
		{748EE25A-4C95-3F5C-8CF0-7B31E509EE27}.Debug|Any CPU.Build.0 = Debug|x64
		{748EE25A-4C95-3F5C-8CF0-7B31E509EE27}.Debug|x64.ActiveCfg = Debug|x64
		{748EE25A-4C95-3F5C-8CF0-7B31E509EE27}.Debug|x64.Build.0 = Debug|x64
		{748EE25A-4C95-3F5C-8CF0-7B31E509EE27}.MinSizeRel|Any CPU.ActiveCfg = MinSizeRel|x64
		{748EE25A-4C95-3F5C-8CF0-7B31E509EE27}.MinSizeRel|Any CPU.Build.0 = MinSizeRel|x64
		{748EE25A-4C95-3F5C-8CF0-7B31E509EE27}.MinSizeRel|x64.ActiveCfg = MinSizeRel|x64
		{748EE25A-4C95-3F5C-8CF0-7B31E509EE27}.MinSizeRel|x64.Build.0 = MinSizeRel|x64
		{748EE25A-4C95-3F5C-8CF0-7B31E509EE27}.Release|Any CPU.ActiveCfg = Release|x64
		{748EE25A-4C95-3F5C-8CF0-7B31E509EE27}.Release|Any CPU.Build.0 = Release|x64
		{748EE25A-4C95-3F5C-8CF0-7B31E509EE27}.Release|x64.ActiveCfg = Release|x64
		{748EE25A-4C95-3F5C-8CF0-7B31E509EE27}.Release|x64.Build.0 = Release|x64
		{748EE25A-4C95-3F5C-8CF0-7B31E509EE27}.RelWithDebInfo|Any CPU.ActiveCfg = RelWithDebInfo|x64
		{748EE25A-4C95-3F5C-8CF0-7B31E509EE27}.RelWithDebInfo|Any CPU.Build.0 = RelWithDebInfo|x64
		{748EE25A-4C95-3F5C-8CF0-7B31E509EE27}.RelWithDebInfo|x64.ActiveCfg = RelWithDebInfo|x64
		{748EE25A-4C95-3F5C-8CF0-7B31E509EE27}.RelWithDebInfo|x64.Build.0 = RelWithDebInfo|x64
		{21E59DA2-507B-3941-8143-A311202073F5}.Debug|Any CPU.ActiveCfg = Debug|x64
		{21E59DA2-507B-3941-8143-A311202073F5}.Debug|Any CPU.Build.0 = Debug|x64
		{21E59DA2-507B-3941-8143-A311202073F5}.Debug|x64.ActiveCfg = Debug|x64
		{21E59DA2-507B-3941-8143-A311202073F5}.Debug|x64.Build.0 = Debug|x64
		{21E59DA2-507B-3941-8143-A311202073F5}.MinSizeRel|Any CPU.ActiveCfg = MinSizeRel|x64
		{21E59DA2-507B-3941-8143-A311202073F5}.MinSizeRel|Any CPU.Build.0 = MinSizeRel|x64
		{21E59DA2-507B-3941-8143-A311202073F5}.MinSizeRel|x64.ActiveCfg = MinSizeRel|x64
		{21E59DA2-507B-3941-8143-A311202073F5}.MinSizeRel|x64.Build.0 = MinSizeRel|x64
		{21E59DA2-507B-3941-8143-A311202073F5}.Release|Any CPU.ActiveCfg = Release|x64
		{21E59DA2-507B-3941-8143-A311202073F5}.Release|Any CPU.Build.0 = Release|x64
		{21E59DA2-507B-3941-8143-A311202073F5}.Release|x64.ActiveCfg = Release|x64
		{21E59DA2-507B-3941-8143-A311202073F5}.Release|x64.Build.0 = Release|x64
		{21E59DA2-507B-3941-8143-A311202073F5}.RelWithDebInfo|Any CPU.ActiveCfg = RelWithDebInfo|x64
		{21E59DA2-507B-3941-8143-A311202073F5}.RelWithDebInfo|Any CPU.Build.0 = RelWithDebInfo|x64
		{21E59DA2-507B-3941-8143-A311202073F5}.RelWithDebInfo|x64.ActiveCfg = RelWithDebInfo|x64
		{21E59DA2-507B-3941-8143-A311202073F5}.RelWithDebInfo|x64.Build.0 = RelWithDebInfo|x64
		{608AA634-1378-3C54-8445-19285CFFC88E}.Debug|Any CPU.ActiveCfg = Debug|x64
		{608AA634-1378-3C54-8445-19285CFFC88E}.Debug|Any CPU.Build.0 = Debug|x64
		{608AA634-1378-3C54-8445-19285CFFC88E}.Debug|x64.ActiveCfg = Debug|x64
		{608AA634-1378-3C54-8445-19285CFFC88E}.MinSizeRel|Any CPU.ActiveCfg = MinSizeRel|x64
		{608AA634-1378-3C54-8445-19285CFFC88E}.MinSizeRel|Any CPU.Build.0 = MinSizeRel|x64
		{608AA634-1378-3C54-8445-19285CFFC88E}.MinSizeRel|x64.ActiveCfg = MinSizeRel|x64
		{608AA634-1378-3C54-8445-19285CFFC88E}.Release|Any CPU.ActiveCfg = Release|x64
		{608AA634-1378-3C54-8445-19285CFFC88E}.Release|Any CPU.Build.0 = Release|x64
		{608AA634-1378-3C54-8445-19285CFFC88E}.Release|x64.ActiveCfg = Release|x64
		{608AA634-1378-3C54-8445-19285CFFC88E}.RelWithDebInfo|Any CPU.ActiveCfg = RelWithDebInfo|x64
		{608AA634-1378-3C54-8445-19285CFFC88E}.RelWithDebInfo|Any CPU.Build.0 = RelWithDebInfo|x64
		{608AA634-1378-3C54-8445-19285CFFC88E}.RelWithDebInfo|x64.ActiveCfg = RelWithDebInfo|x64
		{E47C6141-A3B2-3229-8344-BA5E435FE6BE}.Debug|Any CPU.ActiveCfg = Debug|x64
		{E47C6141-A3B2-3229-8344-BA5E435FE6BE}.Debug|Any CPU.Build.0 = Debug|x64
		{E47C6141-A3B2-3229-8344-BA5E435FE6BE}.Debug|x64.ActiveCfg = Debug|x64
		{E47C6141-A3B2-3229-8344-BA5E435FE6BE}.Debug|x64.Build.0 = Debug|x64
		{E47C6141-A3B2-3229-8344-BA5E435FE6BE}.MinSizeRel|Any CPU.ActiveCfg = MinSizeRel|x64
		{E47C6141-A3B2-3229-8344-BA5E435FE6BE}.MinSizeRel|Any CPU.Build.0 = MinSizeRel|x64
		{E47C6141-A3B2-3229-8344-BA5E435FE6BE}.MinSizeRel|x64.ActiveCfg = MinSizeRel|x64
		{E47C6141-A3B2-3229-8344-BA5E435FE6BE}.MinSizeRel|x64.Build.0 = MinSizeRel|x64
		{E47C6141-A3B2-3229-8344-BA5E435FE6BE}.Release|Any CPU.ActiveCfg = Release|x64
		{E47C6141-A3B2-3229-8344-BA5E435FE6BE}.Release|Any CPU.Build.0 = Release|x64
		{E47C6141-A3B2-3229-8344-BA5E435FE6BE}.Release|x64.ActiveCfg = Release|x64
		{E47C6141-A3B2-3229-8344-BA5E435FE6BE}.Release|x64.Build.0 = Release|x64
		{E47C6141-A3B2-3229-8344-BA5E435FE6BE}.RelWithDebInfo|Any CPU.ActiveCfg = RelWithDebInfo|x64
		{E47C6141-A3B2-3229-8344-BA5E435FE6BE}.RelWithDebInfo|Any CPU.Build.0 = RelWithDebInfo|x64
		{E47C6141-A3B2-3229-8344-BA5E435FE6BE}.RelWithDebInfo|x64.ActiveCfg = RelWithDebInfo|x64
		{E47C6141-A3B2-3229-8344-BA5E435FE6BE}.RelWithDebInfo|x64.Build.0 = RelWithDebInfo|x64
		{EC0E7DC7-9CB0-3A38-B48A-CEFC6F94E6D5}.Debug|Any CPU.ActiveCfg = Debug|x64
		{EC0E7DC7-9CB0-3A38-B48A-CEFC6F94E6D5}.Debug|Any CPU.Build.0 = Debug|x64
		{EC0E7DC7-9CB0-3A38-B48A-CEFC6F94E6D5}.Debug|x64.ActiveCfg = Debug|x64
		{EC0E7DC7-9CB0-3A38-B48A-CEFC6F94E6D5}.Debug|x64.Build.0 = Debug|x64
		{EC0E7DC7-9CB0-3A38-B48A-CEFC6F94E6D5}.MinSizeRel|Any CPU.ActiveCfg = MinSizeRel|x64
		{EC0E7DC7-9CB0-3A38-B48A-CEFC6F94E6D5}.MinSizeRel|Any CPU.Build.0 = MinSizeRel|x64
		{EC0E7DC7-9CB0-3A38-B48A-CEFC6F94E6D5}.MinSizeRel|x64.ActiveCfg = MinSizeRel|x64
		{EC0E7DC7-9CB0-3A38-B48A-CEFC6F94E6D5}.MinSizeRel|x64.Build.0 = MinSizeRel|x64
		{EC0E7DC7-9CB0-3A38-B48A-CEFC6F94E6D5}.Release|Any CPU.ActiveCfg = Release|x64
		{EC0E7DC7-9CB0-3A38-B48A-CEFC6F94E6D5}.Release|Any CPU.Build.0 = Release|x64
		{EC0E7DC7-9CB0-3A38-B48A-CEFC6F94E6D5}.Release|x64.ActiveCfg = Release|x64
		{EC0E7DC7-9CB0-3A38-B48A-CEFC6F94E6D5}.Release|x64.Build.0 = Release|x64
		{EC0E7DC7-9CB0-3A38-B48A-CEFC6F94E6D5}.RelWithDebInfo|Any CPU.ActiveCfg = RelWithDebInfo|x64
		{EC0E7DC7-9CB0-3A38-B48A-CEFC6F94E6D5}.RelWithDebInfo|Any CPU.Build.0 = RelWithDebInfo|x64
		{EC0E7DC7-9CB0-3A38-B48A-CEFC6F94E6D5}.RelWithDebInfo|x64.ActiveCfg = RelWithDebInfo|x64
		{EC0E7DC7-9CB0-3A38-B48A-CEFC6F94E6D5}.RelWithDebInfo|x64.Build.0 = RelWithDebInfo|x64
		{0BABD6E1-A29A-30B5-A6CA-F3613918212A}.Debug|Any CPU.ActiveCfg = Debug|x64
		{0BABD6E1-A29A-30B5-A6CA-F3613918212A}.Debug|Any CPU.Build.0 = Debug|x64
		{0BABD6E1-A29A-30B5-A6CA-F3613918212A}.Debug|x64.ActiveCfg = Debug|x64
		{0BABD6E1-A29A-30B5-A6CA-F3613918212A}.Debug|x64.Build.0 = Debug|x64
		{0BABD6E1-A29A-30B5-A6CA-F3613918212A}.MinSizeRel|Any CPU.ActiveCfg = MinSizeRel|x64
		{0BABD6E1-A29A-30B5-A6CA-F3613918212A}.MinSizeRel|Any CPU.Build.0 = MinSizeRel|x64
		{0BABD6E1-A29A-30B5-A6CA-F3613918212A}.MinSizeRel|x64.ActiveCfg = MinSizeRel|x64
		{0BABD6E1-A29A-30B5-A6CA-F3613918212A}.MinSizeRel|x64.Build.0 = MinSizeRel|x64
		{0BABD6E1-A29A-30B5-A6CA-F3613918212A}.Release|Any CPU.ActiveCfg = Release|x64
		{0BABD6E1-A29A-30B5-A6CA-F3613918212A}.Release|Any CPU.Build.0 = Release|x64
		{0BABD6E1-A29A-30B5-A6CA-F3613918212A}.Release|x64.ActiveCfg = Release|x64
		{0BABD6E1-A29A-30B5-A6CA-F3613918212A}.Release|x64.Build.0 = Release|x64
		{0BABD6E1-A29A-30B5-A6CA-F3613918212A}.RelWithDebInfo|Any CPU.ActiveCfg = RelWithDebInfo|x64
		{0BABD6E1-A29A-30B5-A6CA-F3613918212A}.RelWithDebInfo|Any CPU.Build.0 = RelWithDebInfo|x64
		{0BABD6E1-A29A-30B5-A6CA-F3613918212A}.RelWithDebInfo|x64.ActiveCfg = RelWithDebInfo|x64
		{0BABD6E1-A29A-30B5-A6CA-F3613918212A}.RelWithDebInfo|x64.Build.0 = RelWithDebInfo|x64
		{B325B06A-994C-3F17-9EC3-E4906D3A9A87}.Debug|Any CPU.ActiveCfg = Debug|x64
		{B325B06A-994C-3F17-9EC3-E4906D3A9A87}.Debug|Any CPU.Build.0 = Debug|x64
		{B325B06A-994C-3F17-9EC3-E4906D3A9A87}.Debug|x64.ActiveCfg = Debug|x64
		{B325B06A-994C-3F17-9EC3-E4906D3A9A87}.Debug|x64.Build.0 = Debug|x64
		{B325B06A-994C-3F17-9EC3-E4906D3A9A87}.MinSizeRel|Any CPU.ActiveCfg = MinSizeRel|x64
		{B325B06A-994C-3F17-9EC3-E4906D3A9A87}.MinSizeRel|Any CPU.Build.0 = MinSizeRel|x64
		{B325B06A-994C-3F17-9EC3-E4906D3A9A87}.MinSizeRel|x64.ActiveCfg = MinSizeRel|x64
		{B325B06A-994C-3F17-9EC3-E4906D3A9A87}.MinSizeRel|x64.Build.0 = MinSizeRel|x64
		{B325B06A-994C-3F17-9EC3-E4906D3A9A87}.Release|Any CPU.ActiveCfg = Release|x64
		{B325B06A-994C-3F17-9EC3-E4906D3A9A87}.Release|Any CPU.Build.0 = Release|x64
		{B325B06A-994C-3F17-9EC3-E4906D3A9A87}.Release|x64.ActiveCfg = Release|x64
		{B325B06A-994C-3F17-9EC3-E4906D3A9A87}.Release|x64.Build.0 = Release|x64
		{B325B06A-994C-3F17-9EC3-E4906D3A9A87}.RelWithDebInfo|Any CPU.ActiveCfg = RelWithDebInfo|x64
		{B325B06A-994C-3F17-9EC3-E4906D3A9A87}.RelWithDebInfo|Any CPU.Build.0 = RelWithDebInfo|x64
		{B325B06A-994C-3F17-9EC3-E4906D3A9A87}.RelWithDebInfo|x64.ActiveCfg = RelWithDebInfo|x64
		{B325B06A-994C-3F17-9EC3-E4906D3A9A87}.RelWithDebInfo|x64.Build.0 = RelWithDebInfo|x64
		{F47B2F00-0FCE-409C-A6D4-5BC58A0053C0}.Debug|Any CPU.ActiveCfg = Debug|Any CPU
		{F47B2F00-0FCE-409C-A6D4-5BC58A0053C0}.Debug|Any CPU.Build.0 = Debug|Any CPU
		{F47B2F00-0FCE-409C-A6D4-5BC58A0053C0}.Debug|x64.ActiveCfg = Debug|Any CPU
		{F47B2F00-0FCE-409C-A6D4-5BC58A0053C0}.Debug|x64.Build.0 = Debug|Any CPU
		{F47B2F00-0FCE-409C-A6D4-5BC58A0053C0}.MinSizeRel|Any CPU.ActiveCfg = Debug|Any CPU
		{F47B2F00-0FCE-409C-A6D4-5BC58A0053C0}.MinSizeRel|Any CPU.Build.0 = Debug|Any CPU
		{F47B2F00-0FCE-409C-A6D4-5BC58A0053C0}.MinSizeRel|x64.ActiveCfg = Debug|Any CPU
		{F47B2F00-0FCE-409C-A6D4-5BC58A0053C0}.MinSizeRel|x64.Build.0 = Debug|Any CPU
		{F47B2F00-0FCE-409C-A6D4-5BC58A0053C0}.Release|Any CPU.ActiveCfg = Release|Any CPU
		{F47B2F00-0FCE-409C-A6D4-5BC58A0053C0}.Release|Any CPU.Build.0 = Release|Any CPU
		{F47B2F00-0FCE-409C-A6D4-5BC58A0053C0}.Release|x64.ActiveCfg = Release|Any CPU
		{F47B2F00-0FCE-409C-A6D4-5BC58A0053C0}.Release|x64.Build.0 = Release|Any CPU
		{F47B2F00-0FCE-409C-A6D4-5BC58A0053C0}.RelWithDebInfo|Any CPU.ActiveCfg = Release|Any CPU
		{F47B2F00-0FCE-409C-A6D4-5BC58A0053C0}.RelWithDebInfo|Any CPU.Build.0 = Release|Any CPU
		{F47B2F00-0FCE-409C-A6D4-5BC58A0053C0}.RelWithDebInfo|x64.ActiveCfg = Release|Any CPU
		{F47B2F00-0FCE-409C-A6D4-5BC58A0053C0}.RelWithDebInfo|x64.Build.0 = Release|Any CPU
		{FCBBBCF2-3C0E-47C3-B067-D66636A64949}.Debug|Any CPU.ActiveCfg = Debug|Any CPU
		{FCBBBCF2-3C0E-47C3-B067-D66636A64949}.Debug|Any CPU.Build.0 = Debug|Any CPU
		{FCBBBCF2-3C0E-47C3-B067-D66636A64949}.Debug|x64.ActiveCfg = Debug|Any CPU
		{FCBBBCF2-3C0E-47C3-B067-D66636A64949}.Debug|x64.Build.0 = Debug|Any CPU
		{FCBBBCF2-3C0E-47C3-B067-D66636A64949}.MinSizeRel|Any CPU.ActiveCfg = Debug|Any CPU
		{FCBBBCF2-3C0E-47C3-B067-D66636A64949}.MinSizeRel|Any CPU.Build.0 = Debug|Any CPU
		{FCBBBCF2-3C0E-47C3-B067-D66636A64949}.MinSizeRel|x64.ActiveCfg = Debug|Any CPU
		{FCBBBCF2-3C0E-47C3-B067-D66636A64949}.MinSizeRel|x64.Build.0 = Debug|Any CPU
		{FCBBBCF2-3C0E-47C3-B067-D66636A64949}.Release|Any CPU.ActiveCfg = Release|Any CPU
		{FCBBBCF2-3C0E-47C3-B067-D66636A64949}.Release|Any CPU.Build.0 = Release|Any CPU
		{FCBBBCF2-3C0E-47C3-B067-D66636A64949}.Release|x64.ActiveCfg = Release|Any CPU
		{FCBBBCF2-3C0E-47C3-B067-D66636A64949}.Release|x64.Build.0 = Release|Any CPU
		{FCBBBCF2-3C0E-47C3-B067-D66636A64949}.RelWithDebInfo|Any CPU.ActiveCfg = Release|Any CPU
		{FCBBBCF2-3C0E-47C3-B067-D66636A64949}.RelWithDebInfo|Any CPU.Build.0 = Release|Any CPU
		{FCBBBCF2-3C0E-47C3-B067-D66636A64949}.RelWithDebInfo|x64.ActiveCfg = Release|Any CPU
		{FCBBBCF2-3C0E-47C3-B067-D66636A64949}.RelWithDebInfo|x64.Build.0 = Release|Any CPU
	EndGlobalSection
	GlobalSection(SolutionProperties) = preSolution
		HideSolutionNode = FALSE
	EndGlobalSection
	GlobalSection(ExtensibilityGlobals) = postSolution
		SolutionGuid = {E67F71AA-B0CF-3A21-A849-79104B49B587}
	EndGlobalSection
EndGlobal
