<?xml version="1.0" encoding="utf-8"?>
<Project ToolsVersion="17.0" xmlns="http://schemas.microsoft.com/developer/msbuild/2003">
  <ItemGroup>
    <ClCompile Include="D:\dev\Codex\Codex\vendor\MGL\MGL\src\FrameBuffer.cpp">
      <Filter>Source Files</Filter>
    </ClCompile>
    <ClCompile Include="D:\dev\Codex\Codex\vendor\MGL\MGL\src\Geometry.cpp">
      <Filter>Source Files</Filter>
    </ClCompile>
    <ClCompile Include="D:\dev\Codex\Codex\vendor\MGL\MGL\src\IndexBuffer.cpp">
      <Filter>Source Files</Filter>
    </ClCompile>
    <ClCompile Include="D:\dev\Codex\Codex\vendor\MGL\MGL\src\Renderer.cpp">
      <Filter>Source Files</Filter>
    </ClCompile>
    <ClCompile Include="D:\dev\Codex\Codex\vendor\MGL\MGL\src\Shader.cpp">
      <Filter>Source Files</Filter>
    </ClCompile>
    <ClCompile Include="D:\dev\Codex\Codex\vendor\MGL\MGL\src\Texture.cpp">
      <Filter>Source Files</Filter>
    </ClCompile>
    <ClCompile Include="D:\dev\Codex\Codex\vendor\MGL\MGL\src\VertexArray.cpp">
      <Filter>Source Files</Filter>
    </ClCompile>
    <ClCompile Include="D:\dev\Codex\Codex\vendor\MGL\MGL\src\VertexBuffer.cpp">
      <Filter>Source Files</Filter>
    </ClCompile>
    <ClCompile Include="D:\dev\Codex\Codex\vendor\MGL\MGL\src\stb_image.cpp">
      <Filter>Source Files</Filter>
    </ClCompile>
    <ClCompile Include="D:\dev\Codex\Codex\vendor\MGL\MGL\vendor\glad\src\glad.cpp">
      <Filter>Source Files</Filter>
    </ClCompile>
  </ItemGroup>
  <ItemGroup>
    <ClInclude Include="D:\dev\Codex\Codex\vendor\MGL\MGL\src\Constants.h">
      <Filter>Header Files</Filter>
    </ClInclude>
    <ClInclude Include="D:\dev\Codex\Codex\vendor\MGL\MGL\src\FrameBuffer.h">
      <Filter>Header Files</Filter>
    </ClInclude>
    <ClInclude Include="D:\dev\Codex\Codex\vendor\MGL\MGL\src\Geometry.h">
      <Filter>Header Files</Filter>
    </ClInclude>
    <ClInclude Include="D:\dev\Codex\Codex\vendor\MGL\MGL\src\IndexBuffer.h">
      <Filter>Header Files</Filter>
    </ClInclude>
    <ClInclude Include="D:\dev\Codex\Codex\vendor\MGL\MGL\src\Renderer.h">
      <Filter>Header Files</Filter>
    </ClInclude>
    <ClInclude Include="D:\dev\Codex\Codex\vendor\MGL\MGL\src\Shader.h">
      <Filter>Header Files</Filter>
    </ClInclude>
    <ClInclude Include="D:\dev\Codex\Codex\vendor\MGL\MGL\src\Texture.h">
      <Filter>Header Files</Filter>
    </ClInclude>
    <ClInclude Include="D:\dev\Codex\Codex\vendor\MGL\MGL\src\VertexArray.h">
      <Filter>Header Files</Filter>
    </ClInclude>
    <ClInclude Include="D:\dev\Codex\Codex\vendor\MGL\MGL\src\VertexBuffer.h">
      <Filter>Header Files</Filter>
    </ClInclude>
    <ClInclude Include="D:\dev\Codex\Codex\vendor\MGL\MGL\src\VertexBufferLayout.h">
      <Filter>Header Files</Filter>
    </ClInclude>
  </ItemGroup>
  <ItemGroup>
    <CustomBuild Include="D:\dev\Codex\Codex\vendor\MGL\MGL\CMakeLists.txt" />
  </ItemGroup>
  <ItemGroup>
    <Filter Include="Header Files">
      <UniqueIdentifier>{037DD663-DAF7-3FF9-A510-2A8A4DC2BCC1}</UniqueIdentifier>
    </Filter>
    <Filter Include="Source Files">
      <UniqueIdentifier>{513C341C-037E-3A6E-A794-7A705FA171C2}</UniqueIdentifier>
    </Filter>
  </ItemGroup>
</Project>
