<?xml version="1.0" encoding="utf-8"?>
<Project ToolsVersion="17.0" xmlns="http://schemas.microsoft.com/developer/msbuild/2003">
  <ItemGroup>
    <ClCompile Include="D:\dev\Codex\Codex\vendor\yaml-cpp\util\sandbox.cpp">
      <Filter>Source Files</Filter>
    </ClCompile>
  </ItemGroup>
  <ItemGroup>
    <CustomBuild Include="D:\dev\Codex\Codex\vendor\yaml-cpp\util\CMakeLists.txt" />
  </ItemGroup>
  <ItemGroup>
    <Filter Include="Source Files">
      <UniqueIdentifier>{513C341C-037E-3A6E-A794-7A705FA171C2}</UniqueIdentifier>
    </Filter>
  </ItemGroup>
</Project>
