
Microsoft Visual Studio Solution File, Format Version 12.00
# Visual Studio Version 17
Project("{8BC9CEB8-8B4A-11D0-8D11-00A0C91BC942}") = "ALL_BUILD", "ALL_BUILD.vcxproj", "{D859F9A2-1A3F-38AE-84E5-C3FE8BA6D771}"
	ProjectSection(ProjectDependencies) = postProject
		{70C30230-F53A-39A1-9CE9-844CD55F374E} = {70C30230-F53A-39A1-9CE9-844CD55F374E}
	EndProjectSection
EndProject
Project("{8BC9CEB8-8B4A-11D0-8D11-00A0C91BC942}") = "INSTALL", "INSTALL.vcxproj", "{47EA06D0-A3DC-39A1-9D75-A1F775737E16}"
	ProjectSection(ProjectDependencies) = postProject
		{D859F9A2-1A3F-38AE-84E5-C3FE8BA6D771} = {D859F9A2-1A3F-38AE-84E5-C3FE8BA6D771}
		{70C30230-F53A-39A1-9CE9-844CD55F374E} = {70C30230-F53A-39A1-9CE9-844CD55F374E}
	EndProjectSection
EndProject
Project("{8BC9CEB8-8B4A-11D0-8D11-00A0C91BC942}") = "ZERO_CHECK", "..\\ZERO_CHECK.vcxproj", "{70C30230-F53A-39A1-9CE9-844CD55F374E}"
	ProjectSection(ProjectDependencies) = postProject
	EndProjectSection
EndProject
Global
	GlobalSection(SolutionConfigurationPlatforms) = preSolution
		Debug|x64 = Debug|x64
		Release|x64 = Release|x64
		MinSizeRel|x64 = MinSizeRel|x64
		RelWithDebInfo|x64 = RelWithDebInfo|x64
	EndGlobalSection
	GlobalSection(ProjectConfigurationPlatforms) = postSolution
		{D859F9A2-1A3F-38AE-84E5-C3FE8BA6D771}.Debug|x64.ActiveCfg = Debug|x64
		{D859F9A2-1A3F-38AE-84E5-C3FE8BA6D771}.Debug|x64.Build.0 = Debug|x64
		{D859F9A2-1A3F-38AE-84E5-C3FE8BA6D771}.Release|x64.ActiveCfg = Release|x64
		{D859F9A2-1A3F-38AE-84E5-C3FE8BA6D771}.Release|x64.Build.0 = Release|x64
		{D859F9A2-1A3F-38AE-84E5-C3FE8BA6D771}.MinSizeRel|x64.ActiveCfg = MinSizeRel|x64
		{D859F9A2-1A3F-38AE-84E5-C3FE8BA6D771}.MinSizeRel|x64.Build.0 = MinSizeRel|x64
		{D859F9A2-1A3F-38AE-84E5-C3FE8BA6D771}.RelWithDebInfo|x64.ActiveCfg = RelWithDebInfo|x64
		{D859F9A2-1A3F-38AE-84E5-C3FE8BA6D771}.RelWithDebInfo|x64.Build.0 = RelWithDebInfo|x64
		{47EA06D0-A3DC-39A1-9D75-A1F775737E16}.Debug|x64.ActiveCfg = Debug|x64
		{47EA06D0-A3DC-39A1-9D75-A1F775737E16}.Release|x64.ActiveCfg = Release|x64
		{47EA06D0-A3DC-39A1-9D75-A1F775737E16}.MinSizeRel|x64.ActiveCfg = MinSizeRel|x64
		{47EA06D0-A3DC-39A1-9D75-A1F775737E16}.RelWithDebInfo|x64.ActiveCfg = RelWithDebInfo|x64
		{70C30230-F53A-39A1-9CE9-844CD55F374E}.Debug|x64.ActiveCfg = Debug|x64
		{70C30230-F53A-39A1-9CE9-844CD55F374E}.Debug|x64.Build.0 = Debug|x64
		{70C30230-F53A-39A1-9CE9-844CD55F374E}.Release|x64.ActiveCfg = Release|x64
		{70C30230-F53A-39A1-9CE9-844CD55F374E}.Release|x64.Build.0 = Release|x64
		{70C30230-F53A-39A1-9CE9-844CD55F374E}.MinSizeRel|x64.ActiveCfg = MinSizeRel|x64
		{70C30230-F53A-39A1-9CE9-844CD55F374E}.MinSizeRel|x64.Build.0 = MinSizeRel|x64
		{70C30230-F53A-39A1-9CE9-844CD55F374E}.RelWithDebInfo|x64.ActiveCfg = RelWithDebInfo|x64
		{70C30230-F53A-39A1-9CE9-844CD55F374E}.RelWithDebInfo|x64.Build.0 = RelWithDebInfo|x64
	EndGlobalSection
	GlobalSection(ExtensibilityGlobals) = postSolution
		SolutionGuid = {01EC55E0-D673-3BBC-BA1B-BB8F7115B1D4}
	EndGlobalSection
	GlobalSection(ExtensibilityAddIns) = postSolution
	EndGlobalSection
EndGlobal
